
Microsoft Visual Studio Solution File, Format Version 12.00
# Visual Studio Version 16
VisualStudioVersion = 16.0.32106.194
MinimumVisualStudioVersion = 10.0.40219.1
Project("{8BC9CEB8-8B4A-11D0-8D11-00A0C91BC942}") = "virus", "virus.vcxproj", "{95D288FF-28D2-4C86-811B-964FFA3F774E}"
EndProject
Global
	GlobalSection(SolutionConfigurationPlatforms) = preSolution
		Debug|x64 = Debug|x64
		Debug|x86 = Debug|x86
		Release|x64 = Release|x64
		Release|x86 = Release|x86
	EndGlobalSection
	GlobalSection(ProjectConfigurationPlatforms) = postSolution
		{95D288FF-28D2-4C86-811B-964FFA3F774E}.Debug|x64.ActiveCfg = Debug|x64
		{95D288FF-28D2-4C86-811B-964FFA3F774E}.Debug|x64.Build.0 = Debug|x64
		{95D288FF-28D2-4C86-811B-964FFA3F774E}.Debug|x86.ActiveCfg = Debug|Win32
		{95D288FF-28D2-4C86-811B-964FFA3F774E}.Debug|x86.Build.0 = Debug|Win32
		{95D288FF-28D2-4C86-811B-964FFA3F774E}.Release|x64.ActiveCfg = Release|x64
		{95D288FF-28D2-4C86-811B-964FFA3F774E}.Release|x64.Build.0 = Release|x64
		{95D288FF-28D2-4C86-811B-964FFA3F774E}.Release|x86.ActiveCfg = Debug|Win32
		{95D288FF-28D2-4C86-811B-964FFA3F774E}.Release|x86.Build.0 = Debug|Win32
	EndGlobalSection
	GlobalSection(SolutionProperties) = preSolution
		HideSolutionNode = FALSE
	EndGlobalSection
	GlobalSection(ExtensibilityGlobals) = postSolution
		SolutionGuid = {1C9E0F9B-651A-4226-B5D6-C7A725005BD1}
	EndGlobalSection
EndGlobal
